{
  "requires": true,
  "lockfileVersion": 1,
  "dependencies": {
    "capacitor-plugin-docline-sdk": {
      "version": "1.0.5-beta.0",
      "resolved": "https://registry.npmjs.org/capacitor-plugin-docline-sdk/-/capacitor-plugin-docline-sdk-1.0.5-beta.0.tgz",
      "integrity": "sha512-C3RBYSTJeGZaM8C2jK5KJOcBEexWl7VP5kFww4hJ25WUC4XgLcBd9XWLw2dcXUDZTc1I8b5vLFXsgnOcMX/N8A=="
    }
  }
}
